// !$*UTF8*$!
{
	archiveVersion = 1;
	classes = {
	};
	objectVersion = 46;
	objects = {

/* Begin PBXBuildFile section */
		3840A72B19B4C30300AFBE42 /* Foundation.framework in Frameworks */ = {isa = PBXBuildFile; fileRef = 3840A72A19B4C30300AFBE42 /* Foundation.framework */; };
		3840A72D19B4C30300AFBE42 /* CoreGraphics.framework in Frameworks */ = {isa = PBXBuildFile; fileRef = 3840A72C19B4C30300AFBE42 /* CoreGraphics.framework */; };
		3840A72F19B4C30300AFBE42 /* UIKit.framework in Frameworks */ = {isa = PBXBuildFile; fileRef = 3840A72E19B4C30300AFBE42 /* UIKit.framework */; };
		3840A73519B4C30300AFBE42 /* InfoPlist.strings in Resources */ = {isa = PBXBuildFile; fileRef = 3840A73319B4C30300AFBE42 /* InfoPlist.strings */; };
		3840A73719B4C30300AFBE42 /* main.m in Sources */ = {isa = PBXBuildFile; fileRef = 3840A73619B4C30300AFBE42 /* main.m */; };
		3840A73B19B4C30300AFBE42 /* XYZAppDelegate.m in Sources */ = {isa = PBXBuildFile; fileRef = 3840A73A19B4C30300AFBE42 /* XYZAppDelegate.m */; };
		3840A73E19B4C30300AFBE42 /* Main.storyboard in Resources */ = {isa = PBXBuildFile; fileRef = 3840A73C19B4C30300AFBE42 /* Main.storyboard */; };
		3840A74119B4C30300AFBE42 /* XYZViewController.m in Sources */ = {isa = PBXBuildFile; fileRef = 3840A74019B4C30300AFBE42 /* XYZViewController.m */; };
		3840A74319B4C30300AFBE42 /* Images.xcassets in Resources */ = {isa = PBXBuildFile; fileRef = 3840A74219B4C30300AFBE42 /* Images.xcassets */; };
		3840A74A19B4C30300AFBE42 /* XCTest.framework in Frameworks */ = {isa = PBXBuildFile; fileRef = 3840A74919B4C30300AFBE42 /* XCTest.framework */; };
		3840A74B19B4C30300AFBE42 /* Foundation.framework in Frameworks */ = {isa = PBXBuildFile; fileRef = 3840A72A19B4C30300AFBE42 /* Foundation.framework */; };
		3840A74C19B4C30300AFBE42 /* UIKit.framework in Frameworks */ = {isa = PBXBuildFile; fileRef = 3840A72E19B4C30300AFBE42 /* UIKit.framework */; };
		3840A75419B4C30300AFBE42 /* InfoPlist.strings in Resources */ = {isa = PBXBuildFile; fileRef = 3840A75219B4C30300AFBE42 /* InfoPlist.strings */; };
		3840A75619B4C30300AFBE42 /* BDT_GBP_ConverterTests.m in Sources */ = {isa = PBXBuildFile; fileRef = 3840A75519B4C30300AFBE42 /* BDT_GBP_ConverterTests.m */; };
/* End PBXBuildFile section */

/* Begin PBXContainerItemProxy section */
		3840A74D19B4C30300AFBE42 /* PBXContainerItemProxy */ = {
			isa = PBXContainerItemProxy;
			containerPortal = 3840A71F19B4C30300AFBE42 /* Project object */;
			proxyType = 1;
			remoteGlobalIDString = 3840A72619B4C30300AFBE42;
			remoteInfo = "BDT-GBP Converter";
		};
/* End PBXContainerItemProxy section */

/* Begin PBXFileReference section */
		3840A72719B4C30300AFBE42 /* BDT-GBP Converter.app */ = {isa = PBXFileReference; explicitFileType = wrapper.application; includeInIndex = 0; path = "BDT-GBP Converter.app"; sourceTree = BUILT_PRODUCTS_DIR; };
		3840A72A19B4C30300AFBE42 /* Foundation.framework */ = {isa = PBXFileReference; lastKnownFileType = wrapper.framework; name = Foundation.framework; path = System/Library/Frameworks/Foundation.framework; sourceTree = SDKROOT; };
		3840A72C19B4C30300AFBE42 /* CoreGraphics.framework */ = {isa = PBXFileReference; lastKnownFileType = wrapper.framework; name = CoreGraphics.framework; path = System/Library/Frameworks/CoreGraphics.framework; sourceTree = SDKROOT; };
		3840A72E19B4C30300AFBE42 /* UIKit.framework */ = {isa = PBXFileReference; lastKnownFileType = wrapper.framework; name = UIKit.framework; path = System/Library/Frameworks/UIKit.framework; sourceTree = SDKROOT; };
		3840A73219B4C30300AFBE42 /* BDT-GBP Converter-Info.plist */ = {isa = PBXFileReference; lastKnownFileType = text.plist.xml; path = "BDT-GBP Converter-Info.plist"; sourceTree = "<group>"; };
		3840A73419B4C30300AFBE42 /* en */ = {isa = PBXFileReference; lastKnownFileType = text.plist.strings; name = en; path = en.lproj/InfoPlist.strings; sourceTree = "<group>"; };
		3840A73619B4C30300AFBE42 /* main.m */ = {isa = PBXFileReference; lastKnownFileType = sourcecode.c.objc; path = main.m; sourceTree = "<group>"; };
		3840A73819B4C30300AFBE42 /* BDT-GBP Converter-Prefix.pch */ = {isa = PBXFileReference; lastKnownFileType = sourcecode.c.h; path = "BDT-GBP Converter-Prefix.pch"; sourceTree = "<group>"; };
		3840A73919B4C30300AFBE42 /* XYZAppDelegate.h */ = {isa = PBXFileReference; lastKnownFileType = sourcecode.c.h; path = XYZAppDelegate.h; sourceTree = "<group>"; };
		3840A73A19B4C30300AFBE42 /* XYZAppDelegate.m */ = {isa = PBXFileReference; lastKnownFileType = sourcecode.c.objc; path = XYZAppDelegate.m; sourceTree = "<group>"; };
		3840A73D19B4C30300AFBE42 /* Base */ = {isa = PBXFileReference; lastKnownFileType = file.storyboard; name = Base; path = Base.lproj/Main.storyboard; sourceTree = "<group>"; };
		3840A73F19B4C30300AFBE42 /* XYZViewController.h */ = {isa = PBXFileReference; lastKnownFileType = sourcecode.c.h; path = XYZViewController.h; sourceTree = "<group>"; };
		3840A74019B4C30300AFBE42 /* XYZViewController.m */ = {isa = PBXFileReference; lastKnownFileType = sourcecode.c.objc; path = XYZViewController.m; sourceTree = "<group>"; };
		3840A74219B4C30300AFBE42 /* Images.xcassets */ = {isa = PBXFileReference; lastKnownFileType = folder.assetcatalog; path = Images.xcassets; sourceTree = "<group>"; };
		3840A74819B4C30300AFBE42 /* BDT-GBP ConverterTests.xctest */ = {isa = PBXFileReference; explicitFileType = wrapper.cfbundle; includeInIndex = 0; path = "BDT-GBP ConverterTests.xctest"; sourceTree = BUILT_PRODUCTS_DIR; };
		3840A74919B4C30300AFBE42 /* XCTest.framework */ = {isa = PBXFileReference; lastKnownFileType = wrapper.framework; name = XCTest.framework; path = Library/Frameworks/XCTest.framework; sourceTree = DEVELOPER_DIR; };
		3840A75119B4C30300AFBE42 /* BDT-GBP ConverterTests-Info.plist */ = {isa = PBXFileReference; lastKnownFileType = text.plist.xml; path = "BDT-GBP ConverterTests-Info.plist"; sourceTree = "<group>"; };
		3840A75319B4C30300AFBE42 /* en */ = {isa = PBXFileReference; lastKnownFileType = text.plist.strings; name = en; path = en.lproj/InfoPlist.strings; sourceTree = "<group>"; };
		3840A75519B4C30300AFBE42 /* BDT_GBP_ConverterTests.m */ = {isa = PBXFileReference; lastKnownFileType = sourcecode.c.objc; path = BDT_GBP_ConverterTests.m; sourceTree = "<group>"; };
/* End PBXFileReference section */

/* Begin PBXFrameworksBuildPhase section */
		3840A72419B4C30300AFBE42 /* Frameworks */ = {
			isa = PBXFrameworksBuildPhase;
			buildActionMask = 2147483647;
			files = (
				3840A72D19B4C30300AFBE42 /* CoreGraphics.framework in Frameworks */,
				3840A72F19B4C30300AFBE42 /* UIKit.framework in Frameworks */,
				3840A72B19B4C30300AFBE42 /* Foundation.framework in Frameworks */,
			);
			runOnlyForDeploymentPostprocessing = 0;
		};
		3840A74519B4C30300AFBE42 /* Frameworks */ = {
			isa = PBXFrameworksBuildPhase;
			buildActionMask = 2147483647;
			files = (
				3840A74A19B4C30300AFBE42 /* XCTest.framework in Frameworks */,
				3840A74C19B4C30300AFBE42 /* UIKit.framework in Frameworks */,
				3840A74B19B4C30300AFBE42 /* Foundation.framework in Frameworks */,
			);
			runOnlyForDeploymentPostprocessing = 0;
		};
/* End PBXFrameworksBuildPhase section */

/* Begin PBXGroup section */
		3840A71E19B4C30300AFBE42 = {
			isa = PBXGroup;
			children = (
				3840A73019B4C30300AFBE42 /* BDT-GBP Converter */,
				3840A74F19B4C30300AFBE42 /* BDT-GBP ConverterTests */,
				3840A72919B4C30300AFBE42 /* Frameworks */,
				3840A72819B4C30300AFBE42 /* Products */,
			);
			sourceTree = "<group>";
		};
		3840A72819B4C30300AFBE42 /* Products */ = {
			isa = PBXGroup;
			children = (
				3840A72719B4C30300AFBE42 /* BDT-GBP Converter.app */,
				3840A74819B4C30300AFBE42 /* BDT-GBP ConverterTests.xctest */,
			);
			name = Products;
			sourceTree = "<group>";
		};
		3840A72919B4C30300AFBE42 /* Frameworks */ = {
			isa = PBXGroup;
			children = (
				3840A72A19B4C30300AFBE42 /* Foundation.framework */,
				3840A72C19B4C30300AFBE42 /* CoreGraphics.framework */,
				3840A72E19B4C30300AFBE42 /* UIKit.framework */,
				3840A74919B4C30300AFBE42 /* XCTest.framework */,
			);
			name = Frameworks;
			sourceTree = "<group>";
		};
		3840A73019B4C30300AFBE42 /* BDT-GBP Converter */ = {
			isa = PBXGroup;
			children = (
				3840A73919B4C30300AFBE42 /* XYZAppDelegate.h */,
				3840A73A19B4C30300AFBE42 /* XYZAppDelegate.m */,
				3840A73C19B4C30300AFBE42 /* Main.storyboard */,
				3840A73F19B4C30300AFBE42 /* XYZViewController.h */,
				3840A74019B4C30300AFBE42 /* XYZViewController.m */,
				3840A74219B4C30300AFBE42 /* Images.xcassets */,
				3840A73119B4C30300AFBE42 /* Supporting Files */,
			);
			path = "BDT-GBP Converter";
			sourceTree = "<group>";
		};
		3840A73119B4C30300AFBE42 /* Supporting Files */ = {
			isa = PBXGroup;
			children = (
				3840A73219B4C30300AFBE42 /* BDT-GBP Converter-Info.plist */,
				3840A73319B4C30300AFBE42 /* InfoPlist.strings */,
				3840A73619B4C30300AFBE42 /* main.m */,
				3840A73819B4C30300AFBE42 /* BDT-GBP Converter-Prefix.pch */,
			);
			name = "Supporting Files";
			sourceTree = "<group>";
		};
		3840A74F19B4C30300AFBE42 /* BDT-GBP ConverterTests */ = {
			isa = PBXGroup;
			children = (
				3840A75519B4C30300AFBE42 /* BDT_GBP_ConverterTests.m */,
				3840A75019B4C30300AFBE42 /* Supporting Files */,
			);
			path = "BDT-GBP ConverterTests";
			sourceTree = "<group>";
		};
		3840A75019B4C30300AFBE42 /* Supporting Files */ = {
			isa = PBXGroup;
			children = (
				3840A75119B4C30300AFBE42 /* BDT-GBP ConverterTests-Info.plist */,
				3840A75219B4C30300AFBE42 /* InfoPlist.strings */,
			);
			name = "Supporting Files";
			sourceTree = "<group>";
		};
/* End PBXGroup section */

/* Begin PBXNativeTarget section */
		3840A72619B4C30300AFBE42 /* BDT-GBP Converter */ = {
			isa = PBXNativeTarget;
			buildConfigurationList = 3840A75919B4C30300AFBE42 /* Build configuration list for PBXNativeTarget "BDT-GBP Converter" */;
			buildPhases = (
				3840A72319B4C30300AFBE42 /* Sources */,
				3840A72419B4C30300AFBE42 /* Frameworks */,
				3840A72519B4C30300AFBE42 /* Resources */,
			);
			buildRules = (
			);
			dependencies = (
			);
			name = "BDT-GBP Converter";
			productName = "BDT-GBP Converter";
			productReference = 3840A72719B4C30300AFBE42 /* BDT-GBP Converter.app */;
			productType = "com.apple.product-type.application";
		};
		3840A74719B4C30300AFBE42 /* BDT-GBP ConverterTests */ = {
			isa = PBXNativeTarget;
			buildConfigurationList = 3840A75C19B4C30300AFBE42 /* Build configuration list for PBXNativeTarget "BDT-GBP ConverterTests" */;
			buildPhases = (
				3840A74419B4C30300AFBE42 /* Sources */,
				3840A74519B4C30300AFBE42 /* Frameworks */,
				3840A74619B4C30300AFBE42 /* Resources */,
			);
			buildRules = (
			);
			dependencies = (
				3840A74E19B4C30300AFBE42 /* PBXTargetDependency */,
			);
			name = "BDT-GBP ConverterTests";
			productName = "BDT-GBP ConverterTests";
			productReference = 3840A74819B4C30300AFBE42 /* BDT-GBP ConverterTests.xctest */;
			productType = "com.apple.product-type.bundle.unit-test";
		};
/* End PBXNativeTarget section */

/* Begin PBXProject section */
		3840A71F19B4C30300AFBE42 /* Project object */ = {
			isa = PBXProject;
			attributes = {
				CLASSPREFIX = XYZ;
				LastUpgradeCheck = 0510;
				TargetAttributes = {
					3840A74719B4C30300AFBE42 = {
						TestTargetID = 3840A72619B4C30300AFBE42;
					};
				};
			};
			buildConfigurationList = 3840A72219B4C30300AFBE42 /* Build configuration list for PBXProject "BDT-GBP Converter" */;
			compatibilityVersion = "Xcode 3.2";
			developmentRegion = English;
			hasScannedForEncodings = 0;
			knownRegions = (
				en,
				Base,
			);
			mainGroup = 3840A71E19B4C30300AFBE42;
			productRefGroup = 3840A72819B4C30300AFBE42 /* Products */;
			projectDirPath = "";
			projectRoot = "";
			targets = (
				3840A72619B4C30300AFBE42 /* BDT-GBP Converter */,
				3840A74719B4C30300AFBE42 /* BDT-GBP ConverterTests */,
			);
		};
/* End PBXProject section */

/* Begin PBXResourcesBuildPhase section */
		3840A72519B4C30300AFBE42 /* Resources */ = {
			isa = PBXResourcesBuildPhase;
			buildActionMask = 2147483647;
			files = (
				3840A74319B4C30300AFBE42 /* Images.xcassets in Resources */,
				3840A73519B4C30300AFBE42 /* InfoPlist.strings in Resources */,
				3840A73E19B4C30300AFBE42 /* Main.storyboard in Resources */,
			);
			runOnlyForDeploymentPostprocessing = 0;
		};
		3840A74619B4C30300AFBE42 /* Resources */ = {
			isa = PBXResourcesBuildPhase;
			buildActionMask = 2147483647;
			files = (
				3840A75419B4C30300AFBE42 /* InfoPlist.strings in Resources */,
			);
			runOnlyForDeploymentPostprocessing = 0;
		};
/* End PBXResourcesBuildPhase section */

/* Begin PBXSourcesBuildPhase section */
		3840A72319B4C30300AFBE42 /* Sources */ = {
			isa = PBXSourcesBuildPhase;
			buildActionMask = 2147483647;
			files = (
				3840A74119B4C30300AFBE42 /* XYZViewController.m in Sources */,
				3840A73B19B4C30300AFBE42 /* XYZAppDelegate.m in Sources */,
				3840A73719B4C30300AFBE42 /* main.m in Sources */,
			);
			runOnlyForDeploymentPostprocessing = 0;
		};
		3840A74419B4C30300AFBE42 /* Sources */ = {
			isa = PBXSourcesBuildPhase;
			buildActionMask = 2147483647;
			files = (
				3840A75619B4C30300AFBE42 /* BDT_GBP_ConverterTests.m in Sources */,
			);
			runOnlyForDeploymentPostprocessing = 0;
		};
/* End PBXSourcesBuildPhase section */

/* Begin PBXTargetDependency section */
		3840A74E19B4C30300AFBE42 /* PBXTargetDependency */ = {
			isa = PBXTargetDependency;
			target = 3840A72619B4C30300AFBE42 /* BDT-GBP Converter */;
			targetProxy = 3840A74D19B4C30300AFBE42 /* PBXContainerItemProxy */;
		};
/* End PBXTargetDependency section */

/* Begin PBXVariantGroup section */
		3840A73319B4C30300AFBE42 /* InfoPlist.strings */ = {
			isa = PBXVariantGroup;
			children = (
				3840A73419B4C30300AFBE42 /* en */,
			);
			name = InfoPlist.strings;
			sourceTree = "<group>";
		};
		3840A73C19B4C30300AFBE42 /* Main.storyboard */ = {
			isa = PBXVariantGroup;
			children = (
				3840A73D19B4C30300AFBE42 /* Base */,
			);
			name = Main.storyboard;
			sourceTree = "<group>";
		};
		3840A75219B4C30300AFBE42 /* InfoPlist.strings */ = {
			isa = PBXVariantGroup;
			children = (
				3840A75319B4C30300AFBE42 /* en */,
			);
			name = InfoPlist.strings;
			sourceTree = "<group>";
		};
/* End PBXVariantGroup section */

/* Begin XCBuildConfiguration section */
		3840A75719B4C30300AFBE42 /* Debug */ = {
			isa = XCBuildConfiguration;
			buildSettings = {
				ALWAYS_SEARCH_USER_PATHS = NO;
				CLANG_CXX_LANGUAGE_STANDARD = "gnu++0x";
				CLANG_CXX_LIBRARY = "libc++";
				CLANG_ENABLE_MODULES = YES;
				CLANG_ENABLE_OBJC_ARC = YES;
				CLANG_WARN_BOOL_CONVERSION = YES;
				CLANG_WARN_CONSTANT_CONVERSION = YES;
				CLANG_WARN_DIRECT_OBJC_ISA_USAGE = YES_ERROR;
				CLANG_WARN_EMPTY_BODY = YES;
				CLANG_WARN_ENUM_CONVERSION = YES;
				CLANG_WARN_INT_CONVERSION = YES;
				CLANG_WARN_OBJC_ROOT_CLASS = YES_ERROR;
				CLANG_WARN__DUPLICATE_METHOD_MATCH = YES;
				"CODE_SIGN_IDENTITY[sdk=iphoneos*]" = "iPhone Developer";
				COPY_PHASE_STRIP = NO;
				GCC_C_LANGUAGE_STANDARD = gnu99;
				GCC_DYNAMIC_NO_PIC = NO;
				GCC_OPTIMIZATION_LEVEL = 0;
				GCC_PREPROCESSOR_DEFINITIONS = (
					"DEBUG=1",
					"$(inherited)",
				);
				GCC_SYMBOLS_PRIVATE_EXTERN = NO;
				GCC_WARN_64_TO_32_BIT_CONVERSION = YES;
				GCC_WARN_ABOUT_RETURN_TYPE = YES_ERROR;
				GCC_WARN_UNDECLARED_SELECTOR = YES;
				GCC_WARN_UNINITIALIZED_AUTOS = YES_AGGRESSIVE;
				GCC_WARN_UNUSED_FUNCTION = YES;
				GCC_WARN_UNUSED_VARIABLE = YES;
				IPHONEOS_DEPLOYMENT_TARGET = 7.1;
				ONLY_ACTIVE_ARCH = YES;
				SDKROOT = iphoneos;
			};
			name = Debug;
		};
		3840A75819B4C30300AFBE42 /* Release */ = {
			isa = XCBuildConfiguration;
			buildSettings = {
				ALWAYS_SEARCH_USER_PATHS = NO;
				CLANG_CXX_LANGUAGE_STANDARD = "gnu++0x";
				CLANG_CXX_LIBRARY = "libc++";
				CLANG_ENABLE_MODULES = YES;
				CLANG_ENABLE_OBJC_ARC = YES;
				CLANG_WARN_BOOL_CONVERSION = YES;
				CLANG_WARN_CONSTANT_CONVERSION = YES;
				CLANG_WARN_DIRECT_OBJC_ISA_USAGE = YES_ERROR;
				CLANG_WARN_EMPTY_BODY = YES;
				CLANG_WARN_ENUM_CONVERSION = YES;
				CLANG_WARN_INT_CONVERSION = YES;
				CLANG_WARN_OBJC_ROOT_CLASS = YES_ERROR;
				CLANG_WARN__DUPLICATE_METHOD_MATCH = YES;
				"CODE_SIGN_IDENTITY[sdk=iphoneos*]" = "iPhone Developer";
				COPY_PHASE_STRIP = YES;
				ENABLE_NS_ASSERTIONS = NO;
				GCC_C_LANGUAGE_STANDARD = gnu99;
				GCC_WARN_64_TO_32_BIT_CONVERSION = YES;
				GCC_WARN_ABOUT_RETURN_TYPE = YES_ERROR;
				GCC_WARN_UNDECLARED_SELECTOR = YES;
				GCC_WARN_UNINITIALIZED_AUTOS = YES_AGGRESSIVE;
				GCC_WARN_UNUSED_FUNCTION = YES;
				GCC_WARN_UNUSED_VARIABLE = YES;
				IPHONEOS_DEPLOYMENT_TARGET = 7.1;
				SDKROOT = iphoneos;
				VALIDATE_PRODUCT = YES;
			};
			name = Release;
		};
		3840A75A19B4C30300AFBE42 /* Debug */ = {
			isa = XCBuildConfiguration;
			buildSettings = {
				ASSETCATALOG_COMPILER_APPICON_NAME = AppIcon;
				ASSETCATALOG_COMPILER_LAUNCHIMAGE_NAME = LaunchImage;
				GCC_PRECOMPILE_PREFIX_HEADER = YES;
				GCC_PREFIX_HEADER = "BDT-GBP Converter/BDT-GBP Converter-Prefix.pch";
				INFOPLIST_FILE = "BDT-GBP Converter/BDT-GBP Converter-Info.plist";
				PRODUCT_NAME = "$(TARGET_NAME)";
				WRAPPER_EXTENSION = app;
			};
			name = Debug;
		};
		3840A75B19B4C30300AFBE42 /* Release */ = {
			isa = XCBuildConfiguration;
			buildSettings = {
				ASSETCATALOG_COMPILER_APPICON_NAME = AppIcon;
				ASSETCATALOG_COMPILER_LAUNCHIMAGE_NAME = LaunchImage;
				GCC_PRECOMPILE_PREFIX_HEADER = YES;
				GCC_PREFIX_HEADER = "BDT-GBP Converter/BDT-GBP Converter-Prefix.pch";
				INFOPLIST_FILE = "BDT-GBP Converter/BDT-GBP Converter-Info.plist";
				PRODUCT_NAME = "$(TARGET_NAME)";
				WRAPPER_EXTENSION = app;
			};
			name = Release;
		};
		3840A75D19B4C30300AFBE42 /* Debug */ = {
			isa = XCBuildConfiguration;
			buildSettings = {
				BUNDLE_LOADER = "$(BUILT_PRODUCTS_DIR)/BDT-GBP Converter.app/BDT-GBP Converter";
				FRAMEWORK_SEARCH_PATHS = (
					"$(SDKROOT)/Developer/Library/Frameworks",
					"$(inherited)",
					"$(DEVELOPER_FRAMEWORKS_DIR)",
				);
				GCC_PRECOMPILE_PREFIX_HEADER = YES;
				GCC_PREFIX_HEADER = "BDT-GBP Converter/BDT-GBP Converter-Prefix.pch";
				GCC_PREPROCESSOR_DEFINITIONS = (
					"DEBUG=1",
					"$(inherited)",
				);
				INFOPLIST_FILE = "BDT-GBP ConverterTests/BDT-GBP ConverterTests-Info.plist";
				PRODUCT_NAME = "$(TARGET_NAME)";
				TEST_HOST = "$(BUNDLE_LOADER)";
				WRAPPER_EXTENSION = xctest;
			};
			name = Debug;
		};
		3840A75E19B4C30300AFBE42 /* Release */ = {
			isa = XCBuildConfiguration;
			buildSettings = {
				BUNDLE_LOADER = "$(BUILT_PRODUCTS_DIR)/BDT-GBP Converter.app/BDT-GBP Converter";
				FRAMEWORK_SEARCH_PATHS = (
					"$(SDKROOT)/Developer/Library/Frameworks",
					"$(inherited)",
					"$(DEVELOPER_FRAMEWORKS_DIR)",
				);
				GCC_PRECOMPILE_PREFIX_HEADER = YES;
				GCC_PREFIX_HEADER = "BDT-GBP Converter/BDT-GBP Converter-Prefix.pch";
				INFOPLIST_FILE = "BDT-GBP ConverterTests/BDT-GBP ConverterTests-Info.plist";
				PRODUCT_NAME = "$(TARGET_NAME)";
				TEST_HOST = "$(BUNDLE_LOADER)";
				WRAPPER_EXTENSION = xctest;
			};
			name = Release;
		};
/* End XCBuildConfiguration section */

/* Begin XCConfigurationList section */
		3840A72219B4C30300AFBE42 /* Build configuration list for PBXProject "BDT-GBP Converter" */ = {
			isa = XCConfigurationList;
			buildConfigurations = (
				3840A75719B4C30300AFBE42 /* Debug */,
				3840A75819B4C30300AFBE42 /* Release */,
			);
			defaultConfigurationIsVisible = 0;
			defaultConfigurationName = Release;
		};
		3840A75919B4C30300AFBE42 /* Build configuration list for PBXNativeTarget "BDT-GBP Converter" */ = {
			isa = XCConfigurationList;
			buildConfigurations = (
				3840A75A19B4C30300AFBE42 /* Debug */,
				3840A75B19B4C30300AFBE42 /* Release */,
			);
			defaultConfigurationIsVisible = 0;
		};
		3840A75C19B4C30300AFBE42 /* Build configuration list for PBXNativeTarget "BDT-GBP ConverterTests" */ = {
			isa = XCConfigurationList;
			buildConfigurations = (
				3840A75D19B4C30300AFBE42 /* Debug */,
				3840A75E19B4C30300AFBE42 /* Release */,
			);
			defaultConfigurationIsVisible = 0;
		};
/* End XCConfigurationList section */
	};
	rootObject = 3840A71F19B4C30300AFBE42 /* Project object */;
}
